
Microsoft Visual Studio Solution File, Format Version 12.00
# Visual Studio Version 16
VisualStudioVersion = 16.0.32228.343
MinimumVisualStudioVersion = 10.0.40219.1
Project("{8BC9CEB8-8B4A-11D0-8D11-00A0C91BC942}") = "TEAM5", "TEAM5\TEAM5.vcxproj", "{3A82276F-5694-46A5-BD99-A739B22BB474}"
EndProject
Global
	GlobalSection(SolutionConfigurationPlatforms) = preSolution
		Debug|x64 = Debug|x64
		Debug|x86 = Debug|x86
		Release|x64 = Release|x64
		Release|x86 = Release|x86
	EndGlobalSection
	GlobalSection(ProjectConfigurationPlatforms) = postSolution
		{3A82276F-5694-46A5-BD99-A739B22BB474}.Debug|x64.ActiveCfg = Debug|x64
		{3A82276F-5694-46A5-BD99-A739B22BB474}.Debug|x64.Build.0 = Debug|x64
		{3A82276F-5694-46A5-BD99-A739B22BB474}.Debug|x86.ActiveCfg = Debug|Win32
		{3A82276F-5694-46A5-BD99-A739B22BB474}.Debug|x86.Build.0 = Debug|Win32
		{3A82276F-5694-46A5-BD99-A739B22BB474}.Release|x64.ActiveCfg = Release|x64
		{3A82276F-5694-46A5-BD99-A739B22BB474}.Release|x64.Build.0 = Release|x64
		{3A82276F-5694-46A5-BD99-A739B22BB474}.Release|x86.ActiveCfg = Release|Win32
		{3A82276F-5694-46A5-BD99-A739B22BB474}.Release|x86.Build.0 = Release|Win32
	EndGlobalSection
	GlobalSection(SolutionProperties) = preSolution
		HideSolutionNode = FALSE
	EndGlobalSection
	GlobalSection(ExtensibilityGlobals) = postSolution
		SolutionGuid = {03D4BCC4-5F8A-454D-B20D-8CAE8677EED2}
	EndGlobalSection
EndGlobal
